
Microsoft Visual Studio Solution File, Format Version 12.00
# Visual Studio Version 17
VisualStudioVersion = 17.4.33103.184
MinimumVisualStudioVersion = 10.0.40219.1
Project("{FAE04EC0-301F-11D3-BF4B-00C04F79EFBC}") = "CarDatabase", "CarDatabase.csproj", "{1E5779EF-C34E-4D50-A7B4-E8E733D42DDC}"
EndProject
Global
	GlobalSection(SolutionConfigurationPlatforms) = preSolution
		Debug|Any CPU = Debug|Any CPU
		Release|Any CPU = Release|Any CPU
	EndGlobalSection
	GlobalSection(ProjectConfigurationPlatforms) = postSolution
		{1E5779EF-C34E-4D50-A7B4-E8E733D42DDC}.Debug|Any CPU.ActiveCfg = Debug|Any CPU
		{1E5779EF-C34E-4D50-A7B4-E8E733D42DDC}.Debug|Any CPU.Build.0 = Debug|Any CPU
		{1E5779EF-C34E-4D50-A7B4-E8E733D42DDC}.Release|Any CPU.ActiveCfg = Release|Any CPU
		{1E5779EF-C34E-4D50-A7B4-E8E733D42DDC}.Release|Any CPU.Build.0 = Release|Any CPU
	EndGlobalSection
	GlobalSection(SolutionProperties) = preSolution
		HideSolutionNode = FALSE
	EndGlobalSection
	GlobalSection(ExtensibilityGlobals) = postSolution
		SolutionGuid = {54312DCF-C9BF-40D9-9DE8-A3511F5FC492}
	EndGlobalSection
EndGlobal
